
Microsoft Visual Studio Solution File, Format Version 12.00
# Visual Studio Version 17
VisualStudioVersion = 17.9.34701.34
MinimumVisualStudioVersion = 10.0.40219.1
Project("{9A19103F-16F7-4668-BE54-9A1E7A4F7556}") = "AcademyManager", "AcademyManager.csproj", "{222F0381-147B-4626-AD51-B18FB88A5360}"
EndProject
Global
	GlobalSection(SolutionConfigurationPlatforms) = preSolution
		Debug|Any CPU = Debug|Any CPU
		Release|Any CPU = Release|Any CPU
	EndGlobalSection
	GlobalSection(ProjectConfigurationPlatforms) = postSolution
		{222F0381-147B-4626-AD51-B18FB88A5360}.Debug|Any CPU.ActiveCfg = Debug|Any CPU
		{222F0381-147B-4626-AD51-B18FB88A5360}.Debug|Any CPU.Build.0 = Debug|Any CPU
		{222F0381-147B-4626-AD51-B18FB88A5360}.Release|Any CPU.ActiveCfg = Release|Any CPU
		{222F0381-147B-4626-AD51-B18FB88A5360}.Release|Any CPU.Build.0 = Release|Any CPU
	EndGlobalSection
	GlobalSection(SolutionProperties) = preSolution
		HideSolutionNode = FALSE
	EndGlobalSection
	GlobalSection(ExtensibilityGlobals) = postSolution
		SolutionGuid = {E678F2C2-1D04-4CA3-8195-E0317412DB71}
	EndGlobalSection
EndGlobal
